# This file is @generated by PDM.
# It is not intended for manual editing.

[metadata]
groups = ["default", "lint", "test", "worker"]
strategy = ["inherit_metadata"]
lock_version = "4.5.0"
content_hash = "sha256:990bd3b0ff893fcc955b8410432bc42d8094f6bdb071524ca84154ee508874e6"

[[metadata.targets]]
requires_python = ">=3.9,<3.11"

[[package]]
name = "adal"
version = "1.2.7"
summary = "Note: This library is already replaced by MSAL Python, available here: https://pypi.org/project/msal/ .ADAL Python remains available here as a legacy. The ADAL for Python library makes it easy for python application to authenticate to Azure Active Directory (AAD) in order to access AAD protected web resources."
groups = ["worker"]
dependencies = [
    "PyJWT<3,>=1.0.0",
    "cryptography>=1.1.0",
    "python-dateutil<3,>=2.1.0",
    "requests<3,>=2.0.0",
]

[[package]]
name = "adlfs"
version = "2024.12.0"
requires_python = ">=3.9"
summary = "Access Azure Datalake Gen1 with fsspec and dask"
groups = ["worker"]
dependencies = [
    "aiohttp>=3.7.0",
    "azure-core<2.0.0,>=1.28.0",
    "azure-datalake-store<0.1,>=0.0.53",
    "azure-identity",
    "azure-storage-blob>=12.17.0",
    "fsspec>=2023.12.0",
]

[[package]]
name = "aiohappyeyeballs"
version = "2.6.1"
requires_python = ">=3.9"
summary = "Happy Eyeballs for asyncio"
groups = ["worker"]

[[package]]
name = "aiohttp"
version = "3.11.18"
requires_python = ">=3.9"
summary = "Async http client/server framework (asyncio)"
groups = ["worker"]
dependencies = [
    "aiohappyeyeballs>=2.3.0",
    "aiosignal>=1.1.2",
    "async-timeout<6.0,>=4.0; python_version < \"3.11\"",
    "attrs>=17.3.0",
    "frozenlist>=1.1.1",
    "multidict<7.0,>=4.5",
    "propcache>=0.2.0",
    "yarl<2.0,>=1.17.0",
]

[[package]]
name = "aiosignal"
version = "1.3.2"
requires_python = ">=3.9"
summary = "aiosignal: a list of registered asynchronous callbacks"
groups = ["worker"]
dependencies = [
    "frozenlist>=1.1.0",
]

[[package]]
name = "annotated-types"
version = "0.7.0"
requires_python = ">=3.8"
summary = "Reusable constraint types to use with typing.Annotated"
groups = ["worker"]
dependencies = [
    "typing-extensions>=4.0.0; python_version < \"3.9\"",
]

[[package]]
name = "argcomplete"
version = "3.6.2"
requires_python = ">=3.8"
summary = "Bash tab completion for argparse"
groups = ["worker"]

[[package]]
name = "async-timeout"
version = "5.0.1"
requires_python = ">=3.8"
summary = "Timeout context manager for asyncio programs"
groups = ["worker"]
marker = "python_full_version < \"3.11.3\""

[[package]]
name = "attrs"
version = "25.3.0"
requires_python = ">=3.8"
summary = "Classes Without Boilerplate"
groups = ["worker"]

[[package]]
name = "azure-common"
version = "1.1.28"
summary = "Microsoft Azure Client Library for Python (Common)"
groups = ["worker"]
dependencies = [
    "azure-nspkg; python_version < \"3.0\"",
]

[[package]]
name = "azure-core"
version = "1.34.0"
requires_python = ">=3.9"
summary = "Microsoft Azure Core Library for Python"
groups = ["worker"]
dependencies = [
    "requests>=2.21.0",
    "six>=1.11.0",
    "typing-extensions>=4.6.0",
]

[[package]]
name = "azure-datalake-store"
version = "0.0.53"
summary = "Azure Data Lake Store Filesystem Client Library for Python"
groups = ["worker"]
dependencies = [
    "azure-nspkg; python_version < \"3.0\"",
    "cffi",
    "futures; python_version <= \"2.7\"",
    "msal<2,>=1.16.0",
    "pathlib2; python_version < \"3.4\"",
    "requests>=2.20.0",
]

[[package]]
name = "azure-graphrbac"
version = "0.61.2"
summary = "Microsoft Azure Graph RBAC Client Library for Python"
groups = ["worker"]
dependencies = [
    "azure-common~=1.1",
    "azure-nspkg; python_version < \"3.0\"",
    "msrest>=0.6.21",
    "msrestazure<2.0.0,>=0.4.32",
]

[[package]]
name = "azure-identity"
version = "1.21.0"
requires_python = ">=3.8"
summary = "Microsoft Azure Identity Library for Python"
groups = ["worker"]
dependencies = [
    "azure-core>=1.31.0",
    "cryptography>=2.5",
    "msal-extensions>=1.2.0",
    "msal>=1.30.0",
    "typing-extensions>=4.0.0",
]

[[package]]
name = "azure-mgmt-authorization"
version = "4.0.0"
requires_python = ">=3.7"
summary = "Microsoft Azure Authorization Management Client Library for Python"
groups = ["worker"]
dependencies = [
    "azure-common~=1.1",
    "azure-mgmt-core<2.0.0,>=1.3.2",
    "isodate<1.0.0,>=0.6.1",
    "typing-extensions>=4.3.0; python_version < \"3.8.0\"",
]

[[package]]
name = "azure-mgmt-containerregistry"
version = "10.3.0"
requires_python = ">=3.7"
summary = "Microsoft Azure Container Registry Client Library for Python"
groups = ["worker"]
dependencies = [
    "azure-common~=1.1",
    "azure-mgmt-core<2.0.0,>=1.3.2",
    "isodate<1.0.0,>=0.6.1",
    "typing-extensions>=4.3.0; python_version < \"3.8.0\"",
]

[[package]]
name = "azure-mgmt-core"
version = "1.5.0"
requires_python = ">=3.8"
summary = "Microsoft Azure Management Core Library for Python"
groups = ["worker"]
dependencies = [
    "azure-core>=1.31.0",
]

[[package]]
name = "azure-mgmt-keyvault"
version = "10.3.1"
requires_python = ">=3.8"
summary = "Microsoft Azure Key Vault Management Client Library for Python"
groups = ["worker"]
dependencies = [
    "azure-common>=1.1",
    "azure-mgmt-core>=1.3.2",
    "isodate>=0.6.1",
    "typing-extensions>=4.6.0",
]

[[package]]
name = "azure-mgmt-network"
version = "28.1.0"
requires_python = ">=3.8"
summary = "Microsoft Azure Network Management Client Library for Python"
groups = ["worker"]
dependencies = [
    "azure-common>=1.1",
    "azure-mgmt-core>=1.3.2",
    "isodate>=0.6.1",
    "typing-extensions>=4.6.0",
]

[[package]]
name = "azure-mgmt-resource"
version = "23.3.0"
requires_python = ">=3.8"
summary = "Microsoft Azure Resource Management Client Library for Python"
groups = ["worker"]
dependencies = [
    "azure-common>=1.1",
    "azure-mgmt-core>=1.3.2",
    "isodate>=0.6.1",
    "typing-extensions>=4.6.0",
]

[[package]]
name = "azure-mgmt-storage"
version = "22.2.0"
requires_python = ">=3.8"
summary = "Microsoft Azure Storage Management Client Library for Python"
groups = ["worker"]
dependencies = [
    "azure-common>=1.1",
    "azure-mgmt-core>=1.3.2",
    "isodate>=0.6.1",
    "typing-extensions>=4.6.0",
]

[[package]]
name = "azure-servicebus"
version = "7.14.2"
requires_python = ">=3.8"
summary = "Microsoft Azure Service Bus Client Library for Python"
groups = ["worker"]
dependencies = [
    "azure-core>=1.28.0",
    "isodate>=0.6.0",
    "typing-extensions>=4.6.0",
]

[[package]]
name = "azure-storage-blob"
version = "12.25.1"
requires_python = ">=3.8"
summary = "Microsoft Azure Blob Storage Client Library for Python"
groups = ["worker"]
dependencies = [
    "azure-core>=1.30.0",
    "cryptography>=2.1.4",
    "isodate>=0.6.1",
    "typing-extensions>=4.6.0",
]

[[package]]
name = "azure-storage-file-datalake"
version = "12.20.0"
requires_python = ">=3.8"
summary = "Microsoft Azure File DataLake Storage Client Library for Python"
groups = ["worker"]
dependencies = [
    "azure-core>=1.30.0",
    "azure-storage-blob>=12.25.1",
    "isodate>=0.6.1",
    "typing-extensions>=4.6.0",
]

[[package]]
name = "azureml-core"
version = "1.60.0"
requires_python = "<4.0,>=3.8"
summary = "Azure Machine Learning core packages, modules, and classes"
groups = ["worker"]
dependencies = [
    "PyJWT<3.0.0",
    "SecretStorage<4.0.0",
    "adal<=1.2.7,>=1.2.0",
    "argcomplete<4",
    "azure-common<2.0.0,>=1.1.12",
    "azure-core<2.0.0",
    "azure-graphrbac<1.0.0,>=0.40.0",
    "azure-mgmt-authorization<5,>=0.40.0",
    "azure-mgmt-containerregistry<11,>=8.2.0",
    "azure-mgmt-keyvault<11.0.0,>=0.40.0",
    "azure-mgmt-network<=29.0.0",
    "azure-mgmt-resource<=24.0.0,>=15.0.0",
    "azure-mgmt-storage<=23.0.0,>=16.0.0",
    "backports-tempfile",
    "contextlib2<22.0.0",
    "docker<8.0.0",
    "humanfriendly<11.0,>=4.7",
    "jmespath<2.0.0",
    "jsonpickle<5.0.0",
    "knack<0.13.0",
    "msal-extensions<=2.0.0,>=0.3.0",
    "msal<2.0.0,>=1.15.0",
    "msrest<=0.7.1,>=0.5.1",
    "msrestazure<=0.7,>=0.4.33",
    "ndg-httpsclient<=0.5.1",
    "packaging<=25.0,>=20.0",
    "paramiko<4.0.0,>=2.0.8",
    "pathspec<1.0.0",
    "pkginfo",
    "pyopenssl<26.0.0",
    "python-dateutil<3.0.0,>=2.7.3",
    "pytz",
    "requests[socks]<3.0.0,>=2.19.1",
    "urllib3<3.0.0,>1.26.17",
]

[[package]]
name = "backports-tempfile"
version = "1.0"
summary = "Backport of new features in Python's tempfile module"
groups = ["worker"]
dependencies = [
    "backports-weakref",
]

[[package]]
name = "backports-weakref"
version = "1.0.post1"
summary = "Backport of new features in Python's weakref module"
groups = ["worker"]

[[package]]
name = "bcrypt"
version = "4.3.0"
requires_python = ">=3.8"
summary = "Modern password hashing for your software and your servers"
groups = ["worker"]

[[package]]
name = "certifi"
version = "2025.4.26"
requires_python = ">=3.6"
summary = "Python package for providing Mozilla's CA Bundle."
groups = ["worker"]

[[package]]
name = "cffi"
version = "1.17.1"
requires_python = ">=3.8"
summary = "Foreign Function Interface for Python calling C code."
groups = ["worker"]
dependencies = [
    "pycparser",
]

[[package]]
name = "cfgv"
version = "3.4.0"
requires_python = ">=3.8"
summary = "Validate configuration and produce human readable error messages."
groups = ["lint"]

[[package]]
name = "charset-normalizer"
version = "3.4.2"
requires_python = ">=3.7"
summary = "The Real First Universal Charset Detector. Open, modern and actively maintained alternative to Chardet."
groups = ["worker"]

[[package]]
name = "cis-runtime"
version = "1.4.1"
requires_python = "<3.11,>=3.9"
summary = "Run workloads in CIS using an event-driven architecture"
groups = ["worker"]
dependencies = [
    "fsspec>=2024.6.1",
    "jsonargparse>=4.23.1",
    "lightning-utilities>=0.11.3",
    "loguru>=0.7.2",
    "numpy<2.0.0",
    "pandas>=1.5.0",
    "pydantic>=2.10.0",
    "redis>=5.0.0",
    "requests>=2.32.3",
    "rich>=13.7.1",
    "tenacity>=8.4.2",
    "typing-extensions>=4.12.2",
    "universal-pathlib>=0.2.0",
]

[[package]]
name = "cis-runtime"
version = "1.4.1"
extras = ["adlsfs", "azureml", "azuresb", "redis"]
requires_python = "<3.11,>=3.9"
summary = "Run workloads in CIS using an event-driven architecture"
groups = ["worker"]
dependencies = [
    "PyRSMQ>=0.4.2",
    "azure-identity>=1.7.0",
    "azure-servicebus>=7.12.2",
    "azure-storage-file-datalake>=12.15.0",
    "azureml-core>=1.55.0",
    "cis-runtime==1.4.1",
    "fsspec[abfs]",
    "setuptools>=70.2.0",
]

[[package]]
name = "colorama"
version = "0.4.6"
requires_python = "!=3.0.*,!=3.1.*,!=3.2.*,!=3.3.*,!=3.4.*,!=3.5.*,!=3.6.*,>=2.7"
summary = "Cross-platform colored terminal text."
groups = ["test", "worker"]
marker = "sys_platform == \"win32\""

[[package]]
name = "contextlib2"
version = "21.6.0"
requires_python = ">=3.6"
summary = "Backports and enhancements for the contextlib module"
groups = ["worker"]

[[package]]
name = "coverage"
version = "7.8.0"
requires_python = ">=3.9"
summary = "Code coverage measurement for Python"
groups = ["test"]

[[package]]
name = "coverage"
version = "7.8.0"
extras = ["toml"]
requires_python = ">=3.9"
summary = "Code coverage measurement for Python"
groups = ["test"]
dependencies = [
    "coverage==7.8.0",
    "tomli; python_full_version <= \"3.11.0a6\"",
]

[[package]]
name = "cryptography"
version = "43.0.3"
requires_python = ">=3.7"
summary = "cryptography is a package which provides cryptographic recipes and primitives to Python developers."
groups = ["worker"]
dependencies = [
    "cffi>=1.12; platform_python_implementation != \"PyPy\"",
]

[[package]]
name = "distlib"
version = "0.3.9"
summary = "Distribution utilities"
groups = ["lint"]

[[package]]
name = "docker"
version = "7.1.0"
requires_python = ">=3.8"
summary = "A Python library for the Docker Engine API."
groups = ["worker"]
dependencies = [
    "pywin32>=304; sys_platform == \"win32\"",
    "requests>=2.26.0",
    "urllib3>=1.26.0",
]

[[package]]
name = "exceptiongroup"
version = "1.2.2"
requires_python = ">=3.7"
summary = "Backport of PEP 654 (exception groups)"
groups = ["test"]
marker = "python_version < \"3.11\""

[[package]]
name = "execnet"
version = "2.1.1"
requires_python = ">=3.8"
summary = "execnet: rapid multi-Python deployment"
groups = ["test"]

[[package]]
name = "filelock"
version = "3.18.0"
requires_python = ">=3.9"
summary = "A platform independent file lock."
groups = ["lint"]

[[package]]
name = "frozenlist"
version = "1.6.0"
requires_python = ">=3.9"
summary = "A list-like structure which implements collections.abc.MutableSequence"
groups = ["worker"]

[[package]]
name = "fsspec"
version = "2025.3.2"
requires_python = ">=3.9"
summary = "File-system specification"
groups = ["worker"]

[[package]]
name = "fsspec"
version = "2025.3.2"
extras = ["abfs"]
requires_python = ">=3.9"
summary = "File-system specification"
groups = ["worker"]
dependencies = [
    "adlfs",
    "fsspec==2025.3.2",
]

[[package]]
name = "humanfriendly"
version = "10.0"
requires_python = ">=2.7, !=3.0.*, !=3.1.*, !=3.2.*, !=3.3.*, !=3.4.*"
summary = "Human friendly output for text interfaces using Python"
groups = ["worker"]
dependencies = [
    "monotonic; python_version == \"2.7\"",
    "pyreadline3; sys_platform == \"win32\" and python_version >= \"3.8\"",
    "pyreadline; sys_platform == \"win32\" and python_version < \"3.8\"",
]

[[package]]
name = "identify"
version = "2.6.10"
requires_python = ">=3.9"
summary = "File identification library for Python"
groups = ["lint"]

[[package]]
name = "idna"
version = "3.10"
requires_python = ">=3.6"
summary = "Internationalized Domain Names in Applications (IDNA)"
groups = ["worker"]

[[package]]
name = "iniconfig"
version = "2.1.0"
requires_python = ">=3.8"
summary = "brain-dead simple config-ini parsing"
groups = ["test"]

[[package]]
name = "isodate"
version = "0.7.2"
requires_python = ">=3.7"
summary = "An ISO 8601 date/time/duration parser and formatter"
groups = ["worker"]

[[package]]
name = "jeepney"
version = "0.9.0"
requires_python = ">=3.7"
summary = "Low-level, pure Python DBus protocol wrapper."
groups = ["worker"]

[[package]]
name = "jmespath"
version = "1.0.1"
requires_python = ">=3.7"
summary = "JSON Matching Expressions"
groups = ["worker"]

[[package]]
name = "jsonargparse"
version = "4.39.0"
requires_python = ">=3.8"
summary = "Implement minimal boilerplate CLIs derived from type hints and parse from command line, config files and environment variables."
groups = ["default", "worker"]
dependencies = [
    "PyYAML>=3.13",
]

[[package]]
name = "jsonpickle"
version = "4.0.5"
requires_python = ">=3.8"
summary = "jsonpickle encodes/decodes any Python object to/from JSON"
groups = ["worker"]

[[package]]
name = "knack"
version = "0.12.0"
summary = "A Command-Line Interface framework"
groups = ["worker"]
dependencies = [
    "argcomplete",
    "jmespath",
    "packaging",
    "pygments",
    "pyyaml",
    "tabulate",
]

[[package]]
name = "lightning-utilities"
version = "0.14.3"
requires_python = ">=3.9"
summary = "Lightning toolbox for across the our ecosystem."
groups = ["worker"]
dependencies = [
    "importlib-metadata>=4.0.0; python_version < \"3.8\"",
    "packaging>=17.1",
    "setuptools",
    "typing-extensions",
]

[[package]]
name = "loguru"
version = "0.7.3"
requires_python = "<4.0,>=3.5"
summary = "Python logging made (stupidly) simple"
groups = ["worker"]
dependencies = [
    "aiocontextvars>=0.2.0; python_version < \"3.7\"",
    "colorama>=0.3.4; sys_platform == \"win32\"",
    "win32-setctime>=1.0.0; sys_platform == \"win32\"",
]

[[package]]
name = "markdown-it-py"
version = "3.0.0"
requires_python = ">=3.8"
summary = "Python port of markdown-it. Markdown parsing, done right!"
groups = ["worker"]
dependencies = [
    "mdurl~=0.1",
]

[[package]]
name = "mdurl"
version = "0.1.2"
requires_python = ">=3.7"
summary = "Markdown URL utilities"
groups = ["worker"]

[[package]]
name = "msal"
version = "1.32.3"
requires_python = ">=3.7"
summary = "The Microsoft Authentication Library (MSAL) for Python library enables your app to access the Microsoft Cloud by supporting authentication of users with Microsoft Azure Active Directory accounts (AAD) and Microsoft Accounts (MSA) using industry standard OAuth2 and OpenID Connect."
groups = ["worker"]
dependencies = [
    "PyJWT[crypto]<3,>=1.0.0",
    "cryptography<47,>=2.5",
    "requests<3,>=2.0.0",
]

[[package]]
name = "msal-extensions"
version = "1.3.1"
requires_python = ">=3.9"
summary = "Microsoft Authentication Library extensions (MSAL EX) provides a persistence API that can save your data on disk, encrypted on Windows, macOS and Linux. Concurrent data access will be coordinated by a file lock mechanism."
groups = ["worker"]
dependencies = [
    "msal<2,>=1.29",
]

[[package]]
name = "msrest"
version = "0.7.1"
requires_python = ">=3.6"
summary = "AutoRest swagger generator Python client runtime."
groups = ["worker"]
dependencies = [
    "azure-core>=1.24.0",
    "certifi>=2017.4.17",
    "isodate>=0.6.0",
    "requests-oauthlib>=0.5.0",
    "requests~=2.16",
]

[[package]]
name = "msrestazure"
version = "0.6.4.post1"
summary = "AutoRest swagger generator Python client runtime. Azure-specific module."
groups = ["worker"]
dependencies = [
    "adal<2.0.0,>=0.6.0",
    "msrest<2.0.0,>=0.6.0",
    "six",
]

[[package]]
name = "multidict"
version = "6.4.3"
requires_python = ">=3.9"
summary = "multidict implementation"
groups = ["worker"]
dependencies = [
    "typing-extensions>=4.1.0; python_version < \"3.11\"",
]

[[package]]
name = "ndg-httpsclient"
version = "0.5.1"
requires_python = ">=2.7, !=3.0.*, !=3.1.*, !=3.2.*, !=3.3.*"
summary = "Provides enhanced HTTPS support for httplib and urllib2 using PyOpenSSL"
groups = ["worker"]
dependencies = [
    "PyOpenSSL",
    "pyasn1>=0.1.1",
]

[[package]]
name = "nodeenv"
version = "1.9.1"
requires_python = "!=3.0.*,!=3.1.*,!=3.2.*,!=3.3.*,!=3.4.*,!=3.5.*,!=3.6.*,>=2.7"
summary = "Node.js virtual environment builder"
groups = ["lint"]

[[package]]
name = "numpy"
version = "1.26.4"
requires_python = ">=3.9"
summary = "Fundamental package for array computing in Python"
groups = ["worker"]

[[package]]
name = "oauthlib"
version = "3.2.2"
requires_python = ">=3.6"
summary = "A generic, spec-compliant, thorough implementation of the OAuth request-signing logic"
groups = ["worker"]

[[package]]
name = "packaging"
version = "25.0"
requires_python = ">=3.8"
summary = "Core utilities for Python packages"
groups = ["test", "worker"]

[[package]]
name = "pandas"
version = "2.2.3"
requires_python = ">=3.9"
summary = "Powerful data structures for data analysis, time series, and statistics"
groups = ["worker"]
dependencies = [
    "numpy>=1.22.4; python_version < \"3.11\"",
    "numpy>=1.23.2; python_version == \"3.11\"",
    "numpy>=1.26.0; python_version >= \"3.12\"",
    "python-dateutil>=2.8.2",
    "pytz>=2020.1",
    "tzdata>=2022.7",
]

[[package]]
name = "paramiko"
version = "3.5.1"
requires_python = ">=3.6"
summary = "SSH2 protocol library"
groups = ["worker"]
dependencies = [
    "bcrypt>=3.2",
    "cryptography>=3.3",
    "pynacl>=1.5",
]

[[package]]
name = "pathspec"
version = "0.12.1"
requires_python = ">=3.8"
summary = "Utility library for gitignore style pattern matching of file paths."
groups = ["worker"]

[[package]]
name = "pkginfo"
version = "1.12.1.2"
requires_python = ">=3.8"
summary = "Query metadata from sdists / bdists / installed packages."
groups = ["worker"]

[[package]]
name = "platformdirs"
version = "4.3.7"
requires_python = ">=3.9"
summary = "A small Python package for determining appropriate platform-specific dirs, e.g. a `user data dir`."
groups = ["lint"]

[[package]]
name = "pluggy"
version = "1.5.0"
requires_python = ">=3.8"
summary = "plugin and hook calling mechanisms for python"
groups = ["test"]

[[package]]
name = "pre-commit"
version = "3.8.0"
requires_python = ">=3.9"
summary = "A framework for managing and maintaining multi-language pre-commit hooks."
groups = ["lint"]
dependencies = [
    "cfgv>=2.0.0",
    "identify>=1.0.0",
    "nodeenv>=0.11.1",
    "pyyaml>=5.1",
    "virtualenv>=20.10.0",
]

[[package]]
name = "propcache"
version = "0.3.1"
requires_python = ">=3.9"
summary = "Accelerated property cache"
groups = ["worker"]

[[package]]
name = "pyasn1"
version = "0.6.1"
requires_python = ">=3.8"
summary = "Pure-Python implementation of ASN.1 types and DER/BER/CER codecs (X.208)"
groups = ["worker"]

[[package]]
name = "pycparser"
version = "2.22"
requires_python = ">=3.8"
summary = "C parser in Python"
groups = ["worker"]

[[package]]
name = "pydantic"
version = "2.11.4"
requires_python = ">=3.9"
summary = "Data validation using Python type hints"
groups = ["worker"]
dependencies = [
    "annotated-types>=0.6.0",
    "pydantic-core==2.33.2",
    "typing-extensions>=4.12.2",
    "typing-inspection>=0.4.0",
]

[[package]]
name = "pydantic-core"
version = "2.33.2"
requires_python = ">=3.9"
summary = "Core functionality for Pydantic validation and serialization"
groups = ["worker"]
dependencies = [
    "typing-extensions!=4.7.0,>=4.6.0",
]

[[package]]
name = "pygments"
version = "2.19.1"
requires_python = ">=3.8"
summary = "Pygments is a syntax highlighting package written in Python."
groups = ["worker"]

[[package]]
name = "pyjwt"
version = "2.10.1"
requires_python = ">=3.9"
summary = "JSON Web Token implementation in Python"
groups = ["worker"]

[[package]]
name = "pyjwt"
version = "2.10.1"
extras = ["crypto"]
requires_python = ">=3.9"
summary = "JSON Web Token implementation in Python"
groups = ["worker"]
dependencies = [
    "PyJWT==2.10.1",
    "cryptography>=3.4.0",
]

[[package]]
name = "pynacl"
version = "1.5.0"
requires_python = ">=3.6"
summary = "Python binding to the Networking and Cryptography (NaCl) library"
groups = ["worker"]
dependencies = [
    "cffi>=1.4.1",
]

[[package]]
name = "pyopenssl"
version = "25.0.0"
requires_python = ">=3.7"
summary = "Python wrapper module around the OpenSSL library"
groups = ["worker"]
dependencies = [
    "cryptography<45,>=41.0.5",
    "typing-extensions>=4.9; python_version < \"3.13\" and python_version >= \"3.8\"",
]

[[package]]
name = "pyreadline3"
version = "3.5.4"
requires_python = ">=3.8"
summary = "A python implementation of GNU readline."
groups = ["worker"]
marker = "sys_platform == \"win32\" and python_version >= \"3.8\""

[[package]]
name = "pyrsmq"
version = "0.6.1"
requires_python = ">=3.6"
summary = "Python Implementation of Redis SMQ"
groups = ["worker"]
dependencies = [
    "redis",
]

[[package]]
name = "pysocks"
version = "1.7.1"
requires_python = ">=2.7, !=3.0.*, !=3.1.*, !=3.2.*, !=3.3.*"
summary = "A Python SOCKS client module. See https://github.com/Anorov/PySocks for more information."
groups = ["worker"]

[[package]]
name = "pytest"
version = "8.3.5"
requires_python = ">=3.8"
summary = "pytest: simple powerful testing with Python"
groups = ["test"]
dependencies = [
    "colorama; sys_platform == \"win32\"",
    "exceptiongroup>=1.0.0rc8; python_version < \"3.11\"",
    "iniconfig",
    "packaging",
    "pluggy<2,>=1.5",
    "tomli>=1; python_version < \"3.11\"",
]

[[package]]
name = "pytest-cov"
version = "6.1.1"
requires_python = ">=3.9"
summary = "Pytest plugin for measuring coverage."
groups = ["test"]
dependencies = [
    "coverage[toml]>=7.5",
    "pytest>=4.6",
]

[[package]]
name = "pytest-xdist"
version = "3.6.1"
requires_python = ">=3.8"
summary = "pytest xdist plugin for distributed testing, most importantly across multiple CPUs"
groups = ["test"]
dependencies = [
    "execnet>=2.1",
    "pytest>=7.0.0",
]

[[package]]
name = "python-dateutil"
version = "2.9.0.post0"
requires_python = "!=3.0.*,!=3.1.*,!=3.2.*,>=2.7"
summary = "Extensions to the standard Python datetime module"
groups = ["worker"]
dependencies = [
    "six>=1.5",
]

[[package]]
name = "pytz"
version = "2025.2"
summary = "World timezone definitions, modern and historical"
groups = ["worker"]

[[package]]
name = "pywin32"
version = "310"
summary = "Python for Window Extensions"
groups = ["worker"]
marker = "sys_platform == \"win32\""

[[package]]
name = "pyyaml"
version = "6.0.2"
requires_python = ">=3.8"
summary = "YAML parser and emitter for Python"
groups = ["default", "lint", "worker"]

[[package]]
name = "redis"
version = "6.0.0"
requires_python = ">=3.8"
summary = "Python client for Redis database and key-value store"
groups = ["worker"]
dependencies = [
    "async-timeout>=4.0.3; python_full_version < \"3.11.3\"",
]

[[package]]
name = "requests"
version = "2.32.3"
requires_python = ">=3.8"
summary = "Python HTTP for Humans."
groups = ["worker"]
dependencies = [
    "certifi>=2017.4.17",
    "charset-normalizer<4,>=2",
    "idna<4,>=2.5",
    "urllib3<3,>=1.21.1",
]

[[package]]
name = "requests-oauthlib"
version = "2.0.0"
requires_python = ">=3.4"
summary = "OAuthlib authentication support for Requests."
groups = ["worker"]
dependencies = [
    "oauthlib>=3.0.0",
    "requests>=2.0.0",
]

[[package]]
name = "requests"
version = "2.32.3"
extras = ["socks"]
requires_python = ">=3.8"
summary = "Python HTTP for Humans."
groups = ["worker"]
dependencies = [
    "PySocks!=1.5.7,>=1.5.6",
    "requests==2.32.3",
]

[[package]]
name = "rich"
version = "14.0.0"
requires_python = ">=3.8.0"
summary = "Render rich text, tables, progress bars, syntax highlighting, markdown and more to the terminal"
groups = ["worker"]
dependencies = [
    "markdown-it-py>=2.2.0",
    "pygments<3.0.0,>=2.13.0",
    "typing-extensions<5.0,>=4.0.0; python_version < \"3.11\"",
]

[[package]]
name = "ruff"
version = "0.11.8"
requires_python = ">=3.7"
summary = "An extremely fast Python linter and code formatter, written in Rust."
groups = ["lint"]

[[package]]
name = "secretstorage"
version = "3.3.3"
requires_python = ">=3.6"
summary = "Python bindings to FreeDesktop.org Secret Service API"
groups = ["worker"]
dependencies = [
    "cryptography>=2.0",
    "jeepney>=0.6",
]

[[package]]
name = "setuptools"
version = "80.3.1"
requires_python = ">=3.9"
summary = "Easily download, build, install, upgrade, and uninstall Python packages"
groups = ["worker"]

[[package]]
name = "six"
version = "1.17.0"
requires_python = "!=3.0.*,!=3.1.*,!=3.2.*,>=2.7"
summary = "Python 2 and 3 compatibility utilities"
groups = ["worker"]

[[package]]
name = "tabulate"
version = "0.9.0"
requires_python = ">=3.7"
summary = "Pretty-print tabular data"
groups = ["worker"]

[[package]]
name = "tenacity"
version = "9.1.2"
requires_python = ">=3.9"
summary = "Retry code until it succeeds"
groups = ["worker"]

[[package]]
name = "tomli"
version = "2.2.1"
requires_python = ">=3.8"
summary = "A lil' TOML parser"
groups = ["test"]
marker = "python_version < \"3.11\""

[[package]]
name = "typing-extensions"
version = "4.13.2"
requires_python = ">=3.8"
summary = "Backported and Experimental Type Hints for Python 3.8+"
groups = ["default", "worker"]

[[package]]
name = "typing-inspection"
version = "0.4.0"
requires_python = ">=3.9"
summary = "Runtime typing introspection tools"
groups = ["worker"]
dependencies = [
    "typing-extensions>=4.12.0",
]

[[package]]
name = "tzdata"
version = "2025.2"
requires_python = ">=2"
summary = "Provider of IANA time zone data"
groups = ["worker"]

[[package]]
name = "universal-pathlib"
version = "0.2.6"
requires_python = ">=3.8"
summary = "pathlib api extended to use fsspec backends"
groups = ["worker"]
dependencies = [
    "fsspec!=2024.3.1,>=2022.1.0",
]

[[package]]
name = "urllib3"
version = "2.4.0"
requires_python = ">=3.9"
summary = "HTTP library with thread-safe connection pooling, file post, and more."
groups = ["worker"]

[[package]]
name = "virtualenv"
version = "20.30.0"
requires_python = ">=3.8"
summary = "Virtual Python Environment builder"
groups = ["lint"]
dependencies = [
    "distlib<1,>=0.3.7",
    "filelock<4,>=3.12.2",
    "importlib-metadata>=6.6; python_version < \"3.8\"",
    "platformdirs<5,>=3.9.1",
]

[[package]]
name = "win32-setctime"
version = "1.2.0"
requires_python = ">=3.5"
summary = "A small Python utility to set file creation time on Windows"
groups = ["worker"]
marker = "sys_platform == \"win32\""

[[package]]
name = "yarl"
version = "1.20.0"
requires_python = ">=3.9"
summary = "Yet another URL library"
groups = ["worker"]
dependencies = [
    "idna>=2.0",
    "multidict>=4.0",
    "propcache>=0.2.1",
]
